// !$*UTF8*$!
{
	archiveVersion = 1;
	classes = {
	};
	objectVersion = 56;
	objects = {

/* Begin PBXBuildFile section */
		DE5B9DF12B970EE1003CC847 /* Comfortaa.ttf in Resources */ = {isa = PBXBuildFile; fileRef = DE5B9DF02B970EE1003CC847 /* Comfortaa.ttf */; };
		DE5B9DF92B971982003CC847 /* cText.swift in Sources */ = {isa = PBXBuildFile; fileRef = DE5B9DF82B971982003CC847 /* cText.swift */; };
		DE8F79D22B97613D00FA270D /* Color.swift in Sources */ = {isa = PBXBuildFile; fileRef = DE8F79D12B97613D00FA270D /* Color.swift */; };
		DEAAADA52B91FE39003C6B43 /* MiniTask_SwiftUIApp.swift in Sources */ = {isa = PBXBuildFile; fileRef = DEAAADA42B91FE39003C6B43 /* MiniTask_SwiftUIApp.swift */; };
		DEAAADA72B91FE39003C6B43 /* ContentView.swift in Sources */ = {isa = PBXBuildFile; fileRef = DEAAADA62B91FE39003C6B43 /* ContentView.swift */; };
		DEAAADA92B91FE3B003C6B43 /* Assets.xcassets in Resources */ = {isa = PBXBuildFile; fileRef = DEAAADA82B91FE3B003C6B43 /* Assets.xcassets */; };
		DEAAADAC2B91FE3B003C6B43 /* Preview Assets.xcassets in Resources */ = {isa = PBXBuildFile; fileRef = DEAAADAB2B91FE3B003C6B43 /* Preview Assets.xcassets */; };
/* End PBXBuildFile section */

/* Begin PBXFileReference section */
		DE5B9DF02B970EE1003CC847 /* Comfortaa.ttf */ = {isa = PBXFileReference; lastKnownFileType = file; path = Comfortaa.ttf; sourceTree = "<group>"; };
		DE5B9DF22B970F49003CC847 /* Info.plist */ = {isa = PBXFileReference; lastKnownFileType = text.plist; path = Info.plist; sourceTree = "<group>"; };
		DE5B9DF82B971982003CC847 /* cText.swift */ = {isa = PBXFileReference; lastKnownFileType = sourcecode.swift; path = cText.swift; sourceTree = "<group>"; };
		DE8F79D12B97613D00FA270D /* Color.swift */ = {isa = PBXFileReference; lastKnownFileType = sourcecode.swift; path = Color.swift; sourceTree = "<group>"; };
		DEAAADA12B91FE39003C6B43 /* MiniTask-SwiftUI.app */ = {isa = PBXFileReference; explicitFileType = wrapper.application; includeInIndex = 0; path = "MiniTask-SwiftUI.app"; sourceTree = BUILT_PRODUCTS_DIR; };
		DEAAADA42B91FE39003C6B43 /* MiniTask_SwiftUIApp.swift */ = {isa = PBXFileReference; lastKnownFileType = sourcecode.swift; path = MiniTask_SwiftUIApp.swift; sourceTree = "<group>"; };
		DEAAADA62B91FE39003C6B43 /* ContentView.swift */ = {isa = PBXFileReference; lastKnownFileType = sourcecode.swift; path = ContentView.swift; sourceTree = "<group>"; };
		DEAAADA82B91FE3B003C6B43 /* Assets.xcassets */ = {isa = PBXFileReference; lastKnownFileType = folder.assetcatalog; path = Assets.xcassets; sourceTree = "<group>"; };
		DEAAADAB2B91FE3B003C6B43 /* Preview Assets.xcassets */ = {isa = PBXFileReference; lastKnownFileType = folder.assetcatalog; path = "Preview Assets.xcassets"; sourceTree = "<group>"; };
/* End PBXFileReference section */

/* Begin PBXFrameworksBuildPhase section */
		DEAAAD9E2B91FE39003C6B43 /* Frameworks */ = {
			isa = PBXFrameworksBuildPhase;
			buildActionMask = 2147483647;
			files = (
			);
			runOnlyForDeploymentPostprocessing = 0;
		};
/* End PBXFrameworksBuildPhase section */

/* Begin PBXGroup section */
		DE5B9DEF2B970EB0003CC847 /* Font */ = {
			isa = PBXGroup;
			children = (
				DE5B9DF02B970EE1003CC847 /* Comfortaa.ttf */,
			);
			path = Font;
			sourceTree = "<group>";
		};
		DE5B9DF32B97183B003CC847 /* Utilities */ = {
			isa = PBXGroup;
			children = (
				DE5B9DF72B97196F003CC847 /* CustomSwiftUIViews */,
				DE8F79D12B97613D00FA270D /* Color.swift */,
			);
			path = Utilities;
			sourceTree = "<group>";
		};
		DE5B9DF72B97196F003CC847 /* CustomSwiftUIViews */ = {
			isa = PBXGroup;
			children = (
				DE5B9DF82B971982003CC847 /* cText.swift */,
			);
			path = CustomSwiftUIViews;
			sourceTree = "<group>";
		};
		DEAAAD982B91FE39003C6B43 = {
			isa = PBXGroup;
			children = (
				DEAAADA32B91FE39003C6B43 /* MiniTask-SwiftUI */,
				DEAAADA22B91FE39003C6B43 /* Products */,
			);
			sourceTree = "<group>";
		};
		DEAAADA22B91FE39003C6B43 /* Products */ = {
			isa = PBXGroup;
			children = (
				DEAAADA12B91FE39003C6B43 /* MiniTask-SwiftUI.app */,
			);
			name = Products;
			sourceTree = "<group>";
		};
		DEAAADA32B91FE39003C6B43 /* MiniTask-SwiftUI */ = {
			isa = PBXGroup;
			children = (
				DE5B9DF32B97183B003CC847 /* Utilities */,
				DE5B9DF22B970F49003CC847 /* Info.plist */,
				DE5B9DEF2B970EB0003CC847 /* Font */,
				DEAAADA42B91FE39003C6B43 /* MiniTask_SwiftUIApp.swift */,
				DEAAADA62B91FE39003C6B43 /* ContentView.swift */,
				DEAAADA82B91FE3B003C6B43 /* Assets.xcassets */,
				DEAAADAA2B91FE3B003C6B43 /* Preview Content */,
			);
			path = "MiniTask-SwiftUI";
			sourceTree = "<group>";
		};
		DEAAADAA2B91FE3B003C6B43 /* Preview Content */ = {
			isa = PBXGroup;
			children = (
				DEAAADAB2B91FE3B003C6B43 /* Preview Assets.xcassets */,
			);
			path = "Preview Content";
			sourceTree = "<group>";
		};
/* End PBXGroup section */

/* Begin PBXNativeTarget section */
		DEAAADA02B91FE39003C6B43 /* MiniTask-SwiftUI */ = {
			isa = PBXNativeTarget;
			buildConfigurationList = DEAAADAF2B91FE3B003C6B43 /* Build configuration list for PBXNativeTarget "MiniTask-SwiftUI" */;
			buildPhases = (
				DEAAAD9D2B91FE39003C6B43 /* Sources */,
				DEAAAD9E2B91FE39003C6B43 /* Frameworks */,
				DEAAAD9F2B91FE39003C6B43 /* Resources */,
			);
			buildRules = (
			);
			dependencies = (
			);
			name = "MiniTask-SwiftUI";
			productName = "MiniTask-SwiftUI";
			productReference = DEAAADA12B91FE39003C6B43 /* MiniTask-SwiftUI.app */;
			productType = "com.apple.product-type.application";
		};
/* End PBXNativeTarget section */

/* Begin PBXProject section */
		DEAAAD992B91FE39003C6B43 /* Project object */ = {
			isa = PBXProject;
			attributes = {
				BuildIndependentTargetsInParallel = 1;
				LastSwiftUpdateCheck = 1520;
				LastUpgradeCheck = 1520;
				ORGANIZATIONNAME = jimuelmedrano;
				TargetAttributes = {
					DEAAADA02B91FE39003C6B43 = {
						CreatedOnToolsVersion = 15.2;
					};
				};
			};
			buildConfigurationList = DEAAAD9C2B91FE39003C6B43 /* Build configuration list for PBXProject "MiniTask-SwiftUI" */;
			compatibilityVersion = "Xcode 14.0";
			developmentRegion = en;
			hasScannedForEncodings = 0;
			knownRegions = (
				en,
				Base,
			);
			mainGroup = DEAAAD982B91FE39003C6B43;
			productRefGroup = DEAAADA22B91FE39003C6B43 /* Products */;
			projectDirPath = "";
			projectRoot = "";
			targets = (
				DEAAADA02B91FE39003C6B43 /* MiniTask-SwiftUI */,
			);
		};
/* End PBXProject section */

/* Begin PBXResourcesBuildPhase section */
		DEAAAD9F2B91FE39003C6B43 /* Resources */ = {
			isa = PBXResourcesBuildPhase;
			buildActionMask = 2147483647;
			files = (
				DEAAADAC2B91FE3B003C6B43 /* Preview Assets.xcassets in Resources */,
				DE5B9DF12B970EE1003CC847 /* Comfortaa.ttf in Resources */,
				DEAAADA92B91FE3B003C6B43 /* Assets.xcassets in Resources */,
			);
			runOnlyForDeploymentPostprocessing = 0;
		};
/* End PBXResourcesBuildPhase section */

/* Begin PBXSourcesBuildPhase section */
		DEAAAD9D2B91FE39003C6B43 /* Sources */ = {
			isa = PBXSourcesBuildPhase;
			buildActionMask = 2147483647;
			files = (
				DEAAADA72B91FE39003C6B43 /* ContentView.swift in Sources */,
				DE8F79D22B97613D00FA270D /* Color.swift in Sources */,
				DEAAADA52B91FE39003C6B43 /* MiniTask_SwiftUIApp.swift in Sources */,
				DE5B9DF92B971982003CC847 /* cText.swift in Sources */,
			);
			runOnlyForDeploymentPostprocessing = 0;
		};
/* End PBXSourcesBuildPhase section */

/* Begin XCBuildConfiguration section */
		DEAAADAD2B91FE3B003C6B43 /* Debug */ = {
			isa = XCBuildConfiguration;
			buildSettings = {
				ALWAYS_SEARCH_USER_PATHS = NO;
				ASSETCATALOG_COMPILER_GENERATE_SWIFT_ASSET_SYMBOL_EXTENSIONS = YES;
				CLANG_ANALYZER_NONNULL = YES;
				CLANG_ANALYZER_NUMBER_OBJECT_CONVERSION = YES_AGGRESSIVE;
				CLANG_CXX_LANGUAGE_STANDARD = "gnu++20";
				CLANG_ENABLE_MODULES = YES;
				CLANG_ENABLE_OBJC_ARC = YES;
				CLANG_ENABLE_OBJC_WEAK = YES;
				CLANG_WARN_BLOCK_CAPTURE_AUTORELEASING = YES;
				CLANG_WARN_BOOL_CONVERSION = YES;
				CLANG_WARN_COMMA = YES;
				CLANG_WARN_CONSTANT_CONVERSION = YES;
				CLANG_WARN_DEPRECATED_OBJC_IMPLEMENTATIONS = YES;
				CLANG_WARN_DIRECT_OBJC_ISA_USAGE = YES_ERROR;
				CLANG_WARN_DOCUMENTATION_COMMENTS = YES;
				CLANG_WARN_EMPTY_BODY = YES;
				CLANG_WARN_ENUM_CONVERSION = YES;
				CLANG_WARN_INFINITE_RECURSION = YES;
				CLANG_WARN_INT_CONVERSION = YES;
				CLANG_WARN_NON_LITERAL_NULL_CONVERSION = YES;
				CLANG_WARN_OBJC_IMPLICIT_RETAIN_SELF = YES;
				CLANG_WARN_OBJC_LITERAL_CONVERSION = YES;
				CLANG_WARN_OBJC_ROOT_CLASS = YES_ERROR;
				CLANG_WARN_QUOTED_INCLUDE_IN_FRAMEWORK_HEADER = YES;
				CLANG_WARN_RANGE_LOOP_ANALYSIS = YES;
				CLANG_WARN_STRICT_PROTOTYPES = YES;
				CLANG_WARN_SUSPICIOUS_MOVE = YES;
				CLANG_WARN_UNGUARDED_AVAILABILITY = YES_AGGRESSIVE;
				CLANG_WARN_UNREACHABLE_CODE = YES;
				CLANG_WARN__DUPLICATE_METHOD_MATCH = YES;
				COPY_PHASE_STRIP = NO;
				DEBUG_INFORMATION_FORMAT = dwarf;
				ENABLE_STRICT_OBJC_MSGSEND = YES;
				ENABLE_TESTABILITY = YES;
				ENABLE_USER_SCRIPT_SANDBOXING = YES;
				GCC_C_LANGUAGE_STANDARD = gnu17;
				GCC_DYNAMIC_NO_PIC = NO;
				GCC_NO_COMMON_BLOCKS = YES;
				GCC_OPTIMIZATION_LEVEL = 0;
				GCC_PREPROCESSOR_DEFINITIONS = (
					"DEBUG=1",
					"$(inherited)",
				);
				GCC_WARN_64_TO_32_BIT_CONVERSION = YES;
				GCC_WARN_ABOUT_RETURN_TYPE = YES_ERROR;
				GCC_WARN_UNDECLARED_SELECTOR = YES;
				GCC_WARN_UNINITIALIZED_AUTOS = YES_AGGRESSIVE;
				GCC_WARN_UNUSED_FUNCTION = YES;
				GCC_WARN_UNUSED_VARIABLE = YES;
				IPHONEOS_DEPLOYMENT_TARGET = 17.2;
				LOCALIZATION_PREFERS_STRING_CATALOGS = YES;
				MTL_ENABLE_DEBUG_INFO = INCLUDE_SOURCE;
				MTL_FAST_MATH = YES;
				ONLY_ACTIVE_ARCH = YES;
				SDKROOT = iphoneos;
				SWIFT_ACTIVE_COMPILATION_CONDITIONS = "DEBUG $(inherited)";
				SWIFT_OPTIMIZATION_LEVEL = "-Onone";
			};
			name = Debug;
		};
		DEAAADAE2B91FE3B003C6B43 /* Release */ = {
			isa = XCBuildConfiguration;
			buildSettings = {
				ALWAYS_SEARCH_USER_PATHS = NO;
				ASSETCATALOG_COMPILER_GENERATE_SWIFT_ASSET_SYMBOL_EXTENSIONS = YES;
				CLANG_ANALYZER_NONNULL = YES;
				CLANG_ANALYZER_NUMBER_OBJECT_CONVERSION = YES_AGGRESSIVE;
				CLANG_CXX_LANGUAGE_STANDARD = "gnu++20";
				CLANG_ENABLE_MODULES = YES;
				CLANG_ENABLE_OBJC_ARC = YES;
				CLANG_ENABLE_OBJC_WEAK = YES;
				CLANG_WARN_BLOCK_CAPTURE_AUTORELEASING = YES;
				CLANG_WARN_BOOL_CONVERSION = YES;
				CLANG_WARN_COMMA = YES;
				CLANG_WARN_CONSTANT_CONVERSION = YES;
				CLANG_WARN_DEPRECATED_OBJC_IMPLEMENTATIONS = YES;
				CLANG_WARN_DIRECT_OBJC_ISA_USAGE = YES_ERROR;
				CLANG_WARN_DOCUMENTATION_COMMENTS = YES;
				CLANG_WARN_EMPTY_BODY = YES;
				CLANG_WARN_ENUM_CONVERSION = YES;
				CLANG_WARN_INFINITE_RECURSION = YES;
				CLANG_WARN_INT_CONVERSION = YES;
				CLANG_WARN_NON_LITERAL_NULL_CONVERSION = YES;
				CLANG_WARN_OBJC_IMPLICIT_RETAIN_SELF = YES;
				CLANG_WARN_OBJC_LITERAL_CONVERSION = YES;
				CLANG_WARN_OBJC_ROOT_CLASS = YES_ERROR;
				CLANG_WARN_QUOTED_INCLUDE_IN_FRAMEWORK_HEADER = YES;
				CLANG_WARN_RANGE_LOOP_ANALYSIS = YES;
				CLANG_WARN_STRICT_PROTOTYPES = YES;
				CLANG_WARN_SUSPICIOUS_MOVE = YES;
				CLANG_WARN_UNGUARDED_AVAILABILITY = YES_AGGRESSIVE;
				CLANG_WARN_UNREACHABLE_CODE = YES;
				CLANG_WARN__DUPLICATE_METHOD_MATCH = YES;
				COPY_PHASE_STRIP = NO;
				DEBUG_INFORMATION_FORMAT = "dwarf-with-dsym";
				ENABLE_NS_ASSERTIONS = NO;
				ENABLE_STRICT_OBJC_MSGSEND = YES;
				ENABLE_USER_SCRIPT_SANDBOXING = YES;
				GCC_C_LANGUAGE_STANDARD = gnu17;
				GCC_NO_COMMON_BLOCKS = YES;
				GCC_WARN_64_TO_32_BIT_CONVERSION = YES;
				GCC_WARN_ABOUT_RETURN_TYPE = YES_ERROR;
				GCC_WARN_UNDECLARED_SELECTOR = YES;
				GCC_WARN_UNINITIALIZED_AUTOS = YES_AGGRESSIVE;
				GCC_WARN_UNUSED_FUNCTION = YES;
				GCC_WARN_UNUSED_VARIABLE = YES;
				IPHONEOS_DEPLOYMENT_TARGET = 17.2;
				LOCALIZATION_PREFERS_STRING_CATALOGS = YES;
				MTL_ENABLE_DEBUG_INFO = NO;
				MTL_FAST_MATH = YES;
				SDKROOT = iphoneos;
				SWIFT_COMPILATION_MODE = wholemodule;
				VALIDATE_PRODUCT = YES;
			};
			name = Release;
		};
		DEAAADB02B91FE3B003C6B43 /* Debug */ = {
			isa = XCBuildConfiguration;
			buildSettings = {
				ASSETCATALOG_COMPILER_APPICON_NAME = AppIcon;
				ASSETCATALOG_COMPILER_GLOBAL_ACCENT_COLOR_NAME = AccentColor;
				CODE_SIGN_STYLE = Automatic;
				CURRENT_PROJECT_VERSION = 1;
				DEVELOPMENT_ASSET_PATHS = "\"MiniTask-SwiftUI/Preview Content\"";
				DEVELOPMENT_TEAM = 6UW2X9T93U;
				ENABLE_PREVIEWS = YES;
				GENERATE_INFOPLIST_FILE = YES;
				INFOPLIST_FILE = "MiniTask-SwiftUI/Info.plist";
				INFOPLIST_KEY_UIApplicationSceneManifest_Generation = YES;
				INFOPLIST_KEY_UIApplicationSupportsIndirectInputEvents = YES;
				INFOPLIST_KEY_UILaunchScreen_Generation = YES;
				INFOPLIST_KEY_UIStatusBarStyle = "";
				INFOPLIST_KEY_UISupportedInterfaceOrientations = UIInterfaceOrientationPortrait;
				IPHONEOS_DEPLOYMENT_TARGET = 15.0;
				LD_RUNPATH_SEARCH_PATHS = (
					"$(inherited)",
					"@executable_path/Frameworks",
				);
				MARKETING_VERSION = 1.0;
				PRODUCT_BUNDLE_IDENTIFIER = "com.jimuelmedrano.MiniTask-SwiftUI";
				PRODUCT_NAME = "$(TARGET_NAME)";
				SUPPORTED_PLATFORMS = "iphoneos iphonesimulator";
				SUPPORTS_MACCATALYST = NO;
				SUPPORTS_XR_DESIGNED_FOR_IPHONE_IPAD = NO;
				SWIFT_EMIT_LOC_STRINGS = YES;
				SWIFT_VERSION = 5.0;
				TARGETED_DEVICE_FAMILY = "1,2";
			};
			name = Debug;
		};
		DEAAADB12B91FE3B003C6B43 /* Release */ = {
			isa = XCBuildConfiguration;
			buildSettings = {
				ASSETCATALOG_COMPILER_APPICON_NAME = AppIcon;
				ASSETCATALOG_COMPILER_GLOBAL_ACCENT_COLOR_NAME = AccentColor;
				CODE_SIGN_STYLE = Automatic;
				CURRENT_PROJECT_VERSION = 1;
				DEVELOPMENT_ASSET_PATHS = "\"MiniTask-SwiftUI/Preview Content\"";
				DEVELOPMENT_TEAM = 6UW2X9T93U;
				ENABLE_PREVIEWS = YES;
				GENERATE_INFOPLIST_FILE = YES;
				INFOPLIST_FILE = "MiniTask-SwiftUI/Info.plist";
				INFOPLIST_KEY_UIApplicationSceneManifest_Generation = YES;
				INFOPLIST_KEY_UIApplicationSupportsIndirectInputEvents = YES;
				INFOPLIST_KEY_UILaunchScreen_Generation = YES;
				INFOPLIST_KEY_UIStatusBarStyle = "";
				INFOPLIST_KEY_UISupportedInterfaceOrientations = UIInterfaceOrientationPortrait;
				IPHONEOS_DEPLOYMENT_TARGET = 15.0;
				LD_RUNPATH_SEARCH_PATHS = (
					"$(inherited)",
					"@executable_path/Frameworks",
				);
				MARKETING_VERSION = 1.0;
				PRODUCT_BUNDLE_IDENTIFIER = "com.jimuelmedrano.MiniTask-SwiftUI";
				PRODUCT_NAME = "$(TARGET_NAME)";
				SUPPORTED_PLATFORMS = "iphoneos iphonesimulator";
				SUPPORTS_MACCATALYST = NO;
				SUPPORTS_XR_DESIGNED_FOR_IPHONE_IPAD = NO;
				SWIFT_EMIT_LOC_STRINGS = YES;
				SWIFT_VERSION = 5.0;
				TARGETED_DEVICE_FAMILY = "1,2";
			};
			name = Release;
		};
/* End XCBuildConfiguration section */

/* Begin XCConfigurationList section */
		DEAAAD9C2B91FE39003C6B43 /* Build configuration list for PBXProject "MiniTask-SwiftUI" */ = {
			isa = XCConfigurationList;
			buildConfigurations = (
				DEAAADAD2B91FE3B003C6B43 /* Debug */,
				DEAAADAE2B91FE3B003C6B43 /* Release */,
			);
			defaultConfigurationIsVisible = 0;
			defaultConfigurationName = Release;
		};
		DEAAADAF2B91FE3B003C6B43 /* Build configuration list for PBXNativeTarget "MiniTask-SwiftUI" */ = {
			isa = XCConfigurationList;
			buildConfigurations = (
				DEAAADB02B91FE3B003C6B43 /* Debug */,
				DEAAADB12B91FE3B003C6B43 /* Release */,
			);
			defaultConfigurationIsVisible = 0;
			defaultConfigurationName = Release;
		};
/* End XCConfigurationList section */
	};
	rootObject = DEAAAD992B91FE39003C6B43 /* Project object */;
}
